
Microsoft Visual Studio Solution File, Format Version 12.00
# Visual Studio 15
VisualStudioVersion = 15.0.26124.0
MinimumVisualStudioVersion = 15.0.26124.0
Project("{FAE04EC0-301F-11D3-BF4B-00C04F79EFBC}") = "Student.Lambda.Tests", "Student.Lambda\test\Student.Lambda.Tests\Student.Lambda.Tests.csproj", "{C01EA675-E888-4406-8C1E-F240AD316A3C}"
EndProject
Project("{FAE04EC0-301F-11D3-BF4B-00C04F79EFBC}") = "Student.Lambda", "Student.Lambda\src\Student.Lambda\Student.Lambda.csproj", "{93A80A2F-F7B7-43EB-8C16-95CB99A28837}"
EndProject
Project("{FAE04EC0-301F-11D3-BF4B-00C04F79EFBC}") = "Teacher.Lambda", "Teacher.Lambda\src\Teacher.Lambda\Teacher.Lambda.csproj", "{60E11C3B-033D-495C-AC02-25A8EDA71A6E}"
EndProject
Project("{FAE04EC0-301F-11D3-BF4B-00C04F79EFBC}") = "Teacher.Lambda.Tests", "Teacher.Lambda\test\Teacher.Lambda.Tests\Teacher.Lambda.Tests.csproj", "{AD3A731E-FDBB-41C9-BC12-C2363F20D98B}"
EndProject
Project("{FAE04EC0-301F-11D3-BF4B-00C04F79EFBC}") = "SharedAssembly", "SharedAssembly\SharedAssembly.csproj", "{B24D8015-0FDE-4BA0-B580-3745080E9D3F}"
EndProject
Project("{FAE04EC0-301F-11D3-BF4B-00C04F79EFBC}") = "SharedAssembly.Tests", "SharedAssembly.Tests\SharedAssembly.Tests.csproj", "{854E3159-2B6E-442E-81EA-02F2598E0FCE}"
EndProject
Global
	GlobalSection(SolutionConfigurationPlatforms) = preSolution
		Debug|Any CPU = Debug|Any CPU
		Debug|x64 = Debug|x64
		Debug|x86 = Debug|x86
		Release|Any CPU = Release|Any CPU
		Release|x64 = Release|x64
		Release|x86 = Release|x86
	EndGlobalSection
	GlobalSection(SolutionProperties) = preSolution
		HideSolutionNode = FALSE
	EndGlobalSection
	GlobalSection(ProjectConfigurationPlatforms) = postSolution
		{C01EA675-E888-4406-8C1E-F240AD316A3C}.Debug|Any CPU.ActiveCfg = Debug|Any CPU
		{C01EA675-E888-4406-8C1E-F240AD316A3C}.Debug|Any CPU.Build.0 = Debug|Any CPU
		{C01EA675-E888-4406-8C1E-F240AD316A3C}.Debug|x64.ActiveCfg = Debug|Any CPU
		{C01EA675-E888-4406-8C1E-F240AD316A3C}.Debug|x64.Build.0 = Debug|Any CPU
		{C01EA675-E888-4406-8C1E-F240AD316A3C}.Debug|x86.ActiveCfg = Debug|Any CPU
		{C01EA675-E888-4406-8C1E-F240AD316A3C}.Debug|x86.Build.0 = Debug|Any CPU
		{C01EA675-E888-4406-8C1E-F240AD316A3C}.Release|Any CPU.ActiveCfg = Release|Any CPU
		{C01EA675-E888-4406-8C1E-F240AD316A3C}.Release|Any CPU.Build.0 = Release|Any CPU
		{C01EA675-E888-4406-8C1E-F240AD316A3C}.Release|x64.ActiveCfg = Release|Any CPU
		{C01EA675-E888-4406-8C1E-F240AD316A3C}.Release|x64.Build.0 = Release|Any CPU
		{C01EA675-E888-4406-8C1E-F240AD316A3C}.Release|x86.ActiveCfg = Release|Any CPU
		{C01EA675-E888-4406-8C1E-F240AD316A3C}.Release|x86.Build.0 = Release|Any CPU
		{93A80A2F-F7B7-43EB-8C16-95CB99A28837}.Debug|Any CPU.ActiveCfg = Debug|Any CPU
		{93A80A2F-F7B7-43EB-8C16-95CB99A28837}.Debug|Any CPU.Build.0 = Debug|Any CPU
		{93A80A2F-F7B7-43EB-8C16-95CB99A28837}.Debug|x64.ActiveCfg = Debug|Any CPU
		{93A80A2F-F7B7-43EB-8C16-95CB99A28837}.Debug|x64.Build.0 = Debug|Any CPU
		{93A80A2F-F7B7-43EB-8C16-95CB99A28837}.Debug|x86.ActiveCfg = Debug|Any CPU
		{93A80A2F-F7B7-43EB-8C16-95CB99A28837}.Debug|x86.Build.0 = Debug|Any CPU
		{93A80A2F-F7B7-43EB-8C16-95CB99A28837}.Release|Any CPU.ActiveCfg = Release|Any CPU
		{93A80A2F-F7B7-43EB-8C16-95CB99A28837}.Release|Any CPU.Build.0 = Release|Any CPU
		{93A80A2F-F7B7-43EB-8C16-95CB99A28837}.Release|x64.ActiveCfg = Release|Any CPU
		{93A80A2F-F7B7-43EB-8C16-95CB99A28837}.Release|x64.Build.0 = Release|Any CPU
		{93A80A2F-F7B7-43EB-8C16-95CB99A28837}.Release|x86.ActiveCfg = Release|Any CPU
		{93A80A2F-F7B7-43EB-8C16-95CB99A28837}.Release|x86.Build.0 = Release|Any CPU
		{60E11C3B-033D-495C-AC02-25A8EDA71A6E}.Debug|Any CPU.ActiveCfg = Debug|Any CPU
		{60E11C3B-033D-495C-AC02-25A8EDA71A6E}.Debug|Any CPU.Build.0 = Debug|Any CPU
		{60E11C3B-033D-495C-AC02-25A8EDA71A6E}.Debug|x64.ActiveCfg = Debug|Any CPU
		{60E11C3B-033D-495C-AC02-25A8EDA71A6E}.Debug|x64.Build.0 = Debug|Any CPU
		{60E11C3B-033D-495C-AC02-25A8EDA71A6E}.Debug|x86.ActiveCfg = Debug|Any CPU
		{60E11C3B-033D-495C-AC02-25A8EDA71A6E}.Debug|x86.Build.0 = Debug|Any CPU
		{60E11C3B-033D-495C-AC02-25A8EDA71A6E}.Release|Any CPU.ActiveCfg = Release|Any CPU
		{60E11C3B-033D-495C-AC02-25A8EDA71A6E}.Release|Any CPU.Build.0 = Release|Any CPU
		{60E11C3B-033D-495C-AC02-25A8EDA71A6E}.Release|x64.ActiveCfg = Release|Any CPU
		{60E11C3B-033D-495C-AC02-25A8EDA71A6E}.Release|x64.Build.0 = Release|Any CPU
		{60E11C3B-033D-495C-AC02-25A8EDA71A6E}.Release|x86.ActiveCfg = Release|Any CPU
		{60E11C3B-033D-495C-AC02-25A8EDA71A6E}.Release|x86.Build.0 = Release|Any CPU
		{AD3A731E-FDBB-41C9-BC12-C2363F20D98B}.Debug|Any CPU.ActiveCfg = Debug|Any CPU
		{AD3A731E-FDBB-41C9-BC12-C2363F20D98B}.Debug|Any CPU.Build.0 = Debug|Any CPU
		{AD3A731E-FDBB-41C9-BC12-C2363F20D98B}.Debug|x64.ActiveCfg = Debug|Any CPU
		{AD3A731E-FDBB-41C9-BC12-C2363F20D98B}.Debug|x64.Build.0 = Debug|Any CPU
		{AD3A731E-FDBB-41C9-BC12-C2363F20D98B}.Debug|x86.ActiveCfg = Debug|Any CPU
		{AD3A731E-FDBB-41C9-BC12-C2363F20D98B}.Debug|x86.Build.0 = Debug|Any CPU
		{AD3A731E-FDBB-41C9-BC12-C2363F20D98B}.Release|Any CPU.ActiveCfg = Release|Any CPU
		{AD3A731E-FDBB-41C9-BC12-C2363F20D98B}.Release|Any CPU.Build.0 = Release|Any CPU
		{AD3A731E-FDBB-41C9-BC12-C2363F20D98B}.Release|x64.ActiveCfg = Release|Any CPU
		{AD3A731E-FDBB-41C9-BC12-C2363F20D98B}.Release|x64.Build.0 = Release|Any CPU
		{AD3A731E-FDBB-41C9-BC12-C2363F20D98B}.Release|x86.ActiveCfg = Release|Any CPU
		{AD3A731E-FDBB-41C9-BC12-C2363F20D98B}.Release|x86.Build.0 = Release|Any CPU
		{B24D8015-0FDE-4BA0-B580-3745080E9D3F}.Debug|Any CPU.ActiveCfg = Debug|Any CPU
		{B24D8015-0FDE-4BA0-B580-3745080E9D3F}.Debug|Any CPU.Build.0 = Debug|Any CPU
		{B24D8015-0FDE-4BA0-B580-3745080E9D3F}.Debug|x64.ActiveCfg = Debug|Any CPU
		{B24D8015-0FDE-4BA0-B580-3745080E9D3F}.Debug|x64.Build.0 = Debug|Any CPU
		{B24D8015-0FDE-4BA0-B580-3745080E9D3F}.Debug|x86.ActiveCfg = Debug|Any CPU
		{B24D8015-0FDE-4BA0-B580-3745080E9D3F}.Debug|x86.Build.0 = Debug|Any CPU
		{B24D8015-0FDE-4BA0-B580-3745080E9D3F}.Release|Any CPU.ActiveCfg = Release|Any CPU
		{B24D8015-0FDE-4BA0-B580-3745080E9D3F}.Release|Any CPU.Build.0 = Release|Any CPU
		{B24D8015-0FDE-4BA0-B580-3745080E9D3F}.Release|x64.ActiveCfg = Release|Any CPU
		{B24D8015-0FDE-4BA0-B580-3745080E9D3F}.Release|x64.Build.0 = Release|Any CPU
		{B24D8015-0FDE-4BA0-B580-3745080E9D3F}.Release|x86.ActiveCfg = Release|Any CPU
		{B24D8015-0FDE-4BA0-B580-3745080E9D3F}.Release|x86.Build.0 = Release|Any CPU
		{854E3159-2B6E-442E-81EA-02F2598E0FCE}.Debug|Any CPU.ActiveCfg = Debug|Any CPU
		{854E3159-2B6E-442E-81EA-02F2598E0FCE}.Debug|Any CPU.Build.0 = Debug|Any CPU
		{854E3159-2B6E-442E-81EA-02F2598E0FCE}.Debug|x64.ActiveCfg = Debug|Any CPU
		{854E3159-2B6E-442E-81EA-02F2598E0FCE}.Debug|x64.Build.0 = Debug|Any CPU
		{854E3159-2B6E-442E-81EA-02F2598E0FCE}.Debug|x86.ActiveCfg = Debug|Any CPU
		{854E3159-2B6E-442E-81EA-02F2598E0FCE}.Debug|x86.Build.0 = Debug|Any CPU
		{854E3159-2B6E-442E-81EA-02F2598E0FCE}.Release|Any CPU.ActiveCfg = Release|Any CPU
		{854E3159-2B6E-442E-81EA-02F2598E0FCE}.Release|Any CPU.Build.0 = Release|Any CPU
		{854E3159-2B6E-442E-81EA-02F2598E0FCE}.Release|x64.ActiveCfg = Release|Any CPU
		{854E3159-2B6E-442E-81EA-02F2598E0FCE}.Release|x64.Build.0 = Release|Any CPU
		{854E3159-2B6E-442E-81EA-02F2598E0FCE}.Release|x86.ActiveCfg = Release|Any CPU
		{854E3159-2B6E-442E-81EA-02F2598E0FCE}.Release|x86.Build.0 = Release|Any CPU
	EndGlobalSection
EndGlobal
