
Microsoft Visual Studio Solution File, Format Version 12.00
# Visual Studio 15
VisualStudioVersion = 15.0.26124.0
MinimumVisualStudioVersion = 15.0.26124.0
Project("{FAE04EC0-301F-11D3-BF4B-00C04F79EFBC}") = "SharedAssembly", "SharedAssembly\SharedAssembly.csproj", "{B24D8015-0FDE-4BA0-B580-3745080E9D3F}"
EndProject
Project("{FAE04EC0-301F-11D3-BF4B-00C04F79EFBC}") = "SharedAssembly.Tests", "SharedAssembly.Tests\SharedAssembly.Tests.csproj", "{854E3159-2B6E-442E-81EA-02F2598E0FCE}"
EndProject
Project("{2150E333-8FDC-42A3-9474-1A3956D46DE8}") = "TeacherFunction", "TeacherFunction", "{D9692AAC-CF31-4825-86B8-B2A085E9660C}"
EndProject
Project("{2150E333-8FDC-42A3-9474-1A3956D46DE8}") = "src", "src", "{DE62E4A2-CB8D-4BAB-99CD-9FF78AC843FA}"
EndProject
Project("{FAE04EC0-301F-11D3-BF4B-00C04F79EFBC}") = "TeacherFunction", "TeacherFunction\src\TeacherFunction\TeacherFunction.csproj", "{5254907D-B7D5-4EAC-92BC-5644465DB145}"
EndProject
Project("{2150E333-8FDC-42A3-9474-1A3956D46DE8}") = "test", "test", "{B3A20F54-9BCA-4543-9DB4-48798D3B9B02}"
EndProject
Project("{FAE04EC0-301F-11D3-BF4B-00C04F79EFBC}") = "TeacherFunction.Tests", "TeacherFunction\test\TeacherFunction.Test\TeacherFunction.Tests.csproj", "{8D25B2F2-1E8C-4FED-99FC-458790ADE211}"
EndProject
Project("{2150E333-8FDC-42A3-9474-1A3956D46DE8}") = "StudentFunction", "StudentFunction", "{E06D2D62-CFEE-4FBA-A696-5E4E388B24C3}"
EndProject
Project("{2150E333-8FDC-42A3-9474-1A3956D46DE8}") = "src", "src", "{74D1E38C-96A5-4441-8489-4F1952AC0322}"
EndProject
Project("{FAE04EC0-301F-11D3-BF4B-00C04F79EFBC}") = "StudentFunction", "StudentFunction\src\StudentFunction\StudentFunction.csproj", "{8B7281CE-A69F-4D0B-A7CD-EF7A999C7028}"
EndProject
Project("{2150E333-8FDC-42A3-9474-1A3956D46DE8}") = "test", "test", "{EFAC7794-821E-4DE9-AB00-8EADD23E2745}"
EndProject
Project("{FAE04EC0-301F-11D3-BF4B-00C04F79EFBC}") = "StudentFunction.Tests", "StudentFunction\test\StudentFunction.Test\StudentFunction.Tests.csproj", "{EDE686EA-59C4-4B07-B51A-1D17C966670B}"
EndProject
Project("{2150E333-8FDC-42A3-9474-1A3956D46DE8}") = "SharedAssembly", "SharedAssembly", "{946E5148-0D08-4DDA-B587-9D444068DF8F}"
EndProject
Project("{2150E333-8FDC-42A3-9474-1A3956D46DE8}") = "src", "src", "{717838D9-00ED-412D-BEF2-129AD0D610F1}"
EndProject
Project("{2150E333-8FDC-42A3-9474-1A3956D46DE8}") = "test", "test", "{E85A9559-33F6-4635-9A39-7D7FC1FF6836}"
EndProject
Global
	GlobalSection(SolutionConfigurationPlatforms) = preSolution
		Debug|Any CPU = Debug|Any CPU
		Debug|x64 = Debug|x64
		Debug|x86 = Debug|x86
		Release|Any CPU = Release|Any CPU
		Release|x64 = Release|x64
		Release|x86 = Release|x86
	EndGlobalSection
	GlobalSection(SolutionProperties) = preSolution
		HideSolutionNode = FALSE
	EndGlobalSection
	GlobalSection(ProjectConfigurationPlatforms) = postSolution
		{B24D8015-0FDE-4BA0-B580-3745080E9D3F}.Debug|Any CPU.ActiveCfg = Debug|Any CPU
		{B24D8015-0FDE-4BA0-B580-3745080E9D3F}.Debug|Any CPU.Build.0 = Debug|Any CPU
		{B24D8015-0FDE-4BA0-B580-3745080E9D3F}.Debug|x64.ActiveCfg = Debug|Any CPU
		{B24D8015-0FDE-4BA0-B580-3745080E9D3F}.Debug|x64.Build.0 = Debug|Any CPU
		{B24D8015-0FDE-4BA0-B580-3745080E9D3F}.Debug|x86.ActiveCfg = Debug|Any CPU
		{B24D8015-0FDE-4BA0-B580-3745080E9D3F}.Debug|x86.Build.0 = Debug|Any CPU
		{B24D8015-0FDE-4BA0-B580-3745080E9D3F}.Release|Any CPU.ActiveCfg = Release|Any CPU
		{B24D8015-0FDE-4BA0-B580-3745080E9D3F}.Release|Any CPU.Build.0 = Release|Any CPU
		{B24D8015-0FDE-4BA0-B580-3745080E9D3F}.Release|x64.ActiveCfg = Release|Any CPU
		{B24D8015-0FDE-4BA0-B580-3745080E9D3F}.Release|x64.Build.0 = Release|Any CPU
		{B24D8015-0FDE-4BA0-B580-3745080E9D3F}.Release|x86.ActiveCfg = Release|Any CPU
		{B24D8015-0FDE-4BA0-B580-3745080E9D3F}.Release|x86.Build.0 = Release|Any CPU
		{854E3159-2B6E-442E-81EA-02F2598E0FCE}.Debug|Any CPU.ActiveCfg = Debug|Any CPU
		{854E3159-2B6E-442E-81EA-02F2598E0FCE}.Debug|Any CPU.Build.0 = Debug|Any CPU
		{854E3159-2B6E-442E-81EA-02F2598E0FCE}.Debug|x64.ActiveCfg = Debug|Any CPU
		{854E3159-2B6E-442E-81EA-02F2598E0FCE}.Debug|x64.Build.0 = Debug|Any CPU
		{854E3159-2B6E-442E-81EA-02F2598E0FCE}.Debug|x86.ActiveCfg = Debug|Any CPU
		{854E3159-2B6E-442E-81EA-02F2598E0FCE}.Debug|x86.Build.0 = Debug|Any CPU
		{854E3159-2B6E-442E-81EA-02F2598E0FCE}.Release|Any CPU.ActiveCfg = Release|Any CPU
		{854E3159-2B6E-442E-81EA-02F2598E0FCE}.Release|Any CPU.Build.0 = Release|Any CPU
		{854E3159-2B6E-442E-81EA-02F2598E0FCE}.Release|x64.ActiveCfg = Release|Any CPU
		{854E3159-2B6E-442E-81EA-02F2598E0FCE}.Release|x64.Build.0 = Release|Any CPU
		{854E3159-2B6E-442E-81EA-02F2598E0FCE}.Release|x86.ActiveCfg = Release|Any CPU
		{854E3159-2B6E-442E-81EA-02F2598E0FCE}.Release|x86.Build.0 = Release|Any CPU
		{5254907D-B7D5-4EAC-92BC-5644465DB145}.Debug|Any CPU.ActiveCfg = Debug|Any CPU
		{5254907D-B7D5-4EAC-92BC-5644465DB145}.Debug|Any CPU.Build.0 = Debug|Any CPU
		{5254907D-B7D5-4EAC-92BC-5644465DB145}.Debug|x64.ActiveCfg = Debug|Any CPU
		{5254907D-B7D5-4EAC-92BC-5644465DB145}.Debug|x64.Build.0 = Debug|Any CPU
		{5254907D-B7D5-4EAC-92BC-5644465DB145}.Debug|x86.ActiveCfg = Debug|Any CPU
		{5254907D-B7D5-4EAC-92BC-5644465DB145}.Debug|x86.Build.0 = Debug|Any CPU
		{5254907D-B7D5-4EAC-92BC-5644465DB145}.Release|Any CPU.ActiveCfg = Release|Any CPU
		{5254907D-B7D5-4EAC-92BC-5644465DB145}.Release|Any CPU.Build.0 = Release|Any CPU
		{5254907D-B7D5-4EAC-92BC-5644465DB145}.Release|x64.ActiveCfg = Release|Any CPU
		{5254907D-B7D5-4EAC-92BC-5644465DB145}.Release|x64.Build.0 = Release|Any CPU
		{5254907D-B7D5-4EAC-92BC-5644465DB145}.Release|x86.ActiveCfg = Release|Any CPU
		{5254907D-B7D5-4EAC-92BC-5644465DB145}.Release|x86.Build.0 = Release|Any CPU
		{8D25B2F2-1E8C-4FED-99FC-458790ADE211}.Debug|Any CPU.ActiveCfg = Debug|Any CPU
		{8D25B2F2-1E8C-4FED-99FC-458790ADE211}.Debug|Any CPU.Build.0 = Debug|Any CPU
		{8D25B2F2-1E8C-4FED-99FC-458790ADE211}.Debug|x64.ActiveCfg = Debug|Any CPU
		{8D25B2F2-1E8C-4FED-99FC-458790ADE211}.Debug|x64.Build.0 = Debug|Any CPU
		{8D25B2F2-1E8C-4FED-99FC-458790ADE211}.Debug|x86.ActiveCfg = Debug|Any CPU
		{8D25B2F2-1E8C-4FED-99FC-458790ADE211}.Debug|x86.Build.0 = Debug|Any CPU
		{8D25B2F2-1E8C-4FED-99FC-458790ADE211}.Release|Any CPU.ActiveCfg = Release|Any CPU
		{8D25B2F2-1E8C-4FED-99FC-458790ADE211}.Release|Any CPU.Build.0 = Release|Any CPU
		{8D25B2F2-1E8C-4FED-99FC-458790ADE211}.Release|x64.ActiveCfg = Release|Any CPU
		{8D25B2F2-1E8C-4FED-99FC-458790ADE211}.Release|x64.Build.0 = Release|Any CPU
		{8D25B2F2-1E8C-4FED-99FC-458790ADE211}.Release|x86.ActiveCfg = Release|Any CPU
		{8D25B2F2-1E8C-4FED-99FC-458790ADE211}.Release|x86.Build.0 = Release|Any CPU
		{8B7281CE-A69F-4D0B-A7CD-EF7A999C7028}.Debug|Any CPU.ActiveCfg = Debug|Any CPU
		{8B7281CE-A69F-4D0B-A7CD-EF7A999C7028}.Debug|Any CPU.Build.0 = Debug|Any CPU
		{8B7281CE-A69F-4D0B-A7CD-EF7A999C7028}.Debug|x64.ActiveCfg = Debug|Any CPU
		{8B7281CE-A69F-4D0B-A7CD-EF7A999C7028}.Debug|x64.Build.0 = Debug|Any CPU
		{8B7281CE-A69F-4D0B-A7CD-EF7A999C7028}.Debug|x86.ActiveCfg = Debug|Any CPU
		{8B7281CE-A69F-4D0B-A7CD-EF7A999C7028}.Debug|x86.Build.0 = Debug|Any CPU
		{8B7281CE-A69F-4D0B-A7CD-EF7A999C7028}.Release|Any CPU.ActiveCfg = Release|Any CPU
		{8B7281CE-A69F-4D0B-A7CD-EF7A999C7028}.Release|Any CPU.Build.0 = Release|Any CPU
		{8B7281CE-A69F-4D0B-A7CD-EF7A999C7028}.Release|x64.ActiveCfg = Release|Any CPU
		{8B7281CE-A69F-4D0B-A7CD-EF7A999C7028}.Release|x64.Build.0 = Release|Any CPU
		{8B7281CE-A69F-4D0B-A7CD-EF7A999C7028}.Release|x86.ActiveCfg = Release|Any CPU
		{8B7281CE-A69F-4D0B-A7CD-EF7A999C7028}.Release|x86.Build.0 = Release|Any CPU
		{EDE686EA-59C4-4B07-B51A-1D17C966670B}.Debug|Any CPU.ActiveCfg = Debug|Any CPU
		{EDE686EA-59C4-4B07-B51A-1D17C966670B}.Debug|Any CPU.Build.0 = Debug|Any CPU
		{EDE686EA-59C4-4B07-B51A-1D17C966670B}.Debug|x64.ActiveCfg = Debug|Any CPU
		{EDE686EA-59C4-4B07-B51A-1D17C966670B}.Debug|x64.Build.0 = Debug|Any CPU
		{EDE686EA-59C4-4B07-B51A-1D17C966670B}.Debug|x86.ActiveCfg = Debug|Any CPU
		{EDE686EA-59C4-4B07-B51A-1D17C966670B}.Debug|x86.Build.0 = Debug|Any CPU
		{EDE686EA-59C4-4B07-B51A-1D17C966670B}.Release|Any CPU.ActiveCfg = Release|Any CPU
		{EDE686EA-59C4-4B07-B51A-1D17C966670B}.Release|Any CPU.Build.0 = Release|Any CPU
		{EDE686EA-59C4-4B07-B51A-1D17C966670B}.Release|x64.ActiveCfg = Release|Any CPU
		{EDE686EA-59C4-4B07-B51A-1D17C966670B}.Release|x64.Build.0 = Release|Any CPU
		{EDE686EA-59C4-4B07-B51A-1D17C966670B}.Release|x86.ActiveCfg = Release|Any CPU
		{EDE686EA-59C4-4B07-B51A-1D17C966670B}.Release|x86.Build.0 = Release|Any CPU
	EndGlobalSection
	GlobalSection(NestedProjects) = preSolution
		{DE62E4A2-CB8D-4BAB-99CD-9FF78AC843FA} = {D9692AAC-CF31-4825-86B8-B2A085E9660C}
		{5254907D-B7D5-4EAC-92BC-5644465DB145} = {DE62E4A2-CB8D-4BAB-99CD-9FF78AC843FA}
		{B3A20F54-9BCA-4543-9DB4-48798D3B9B02} = {D9692AAC-CF31-4825-86B8-B2A085E9660C}
		{8D25B2F2-1E8C-4FED-99FC-458790ADE211} = {B3A20F54-9BCA-4543-9DB4-48798D3B9B02}
		{74D1E38C-96A5-4441-8489-4F1952AC0322} = {E06D2D62-CFEE-4FBA-A696-5E4E388B24C3}
		{8B7281CE-A69F-4D0B-A7CD-EF7A999C7028} = {74D1E38C-96A5-4441-8489-4F1952AC0322}
		{EFAC7794-821E-4DE9-AB00-8EADD23E2745} = {E06D2D62-CFEE-4FBA-A696-5E4E388B24C3}
		{EDE686EA-59C4-4B07-B51A-1D17C966670B} = {EFAC7794-821E-4DE9-AB00-8EADD23E2745}
		{717838D9-00ED-412D-BEF2-129AD0D610F1} = {946E5148-0D08-4DDA-B587-9D444068DF8F}
		{B24D8015-0FDE-4BA0-B580-3745080E9D3F} = {717838D9-00ED-412D-BEF2-129AD0D610F1}
		{E85A9559-33F6-4635-9A39-7D7FC1FF6836} = {946E5148-0D08-4DDA-B587-9D444068DF8F}
		{854E3159-2B6E-442E-81EA-02F2598E0FCE} = {E85A9559-33F6-4635-9A39-7D7FC1FF6836}
	EndGlobalSection
EndGlobal
